
Microsoft Visual Studio Solution File, Format Version 12.00
# Visual Studio Version 17
VisualStudioVersion = 17.7.34024.191
MinimumVisualStudioVersion = 10.0.40219.1
Project("{FAE04EC0-301F-11D3-BF4B-00C04F79EFBC}") = "ICS_Lab_5", "ICS_Lab_5.csproj", "{CBCEAACF-C65A-4B5E-A310-765A21BC2968}"
EndProject
Global
	GlobalSection(SolutionConfigurationPlatforms) = preSolution
		Debug|Any CPU = Debug|Any CPU
		Release|Any CPU = Release|Any CPU
	EndGlobalSection
	GlobalSection(ProjectConfigurationPlatforms) = postSolution
		{CBCEAACF-C65A-4B5E-A310-765A21BC2968}.Debug|Any CPU.ActiveCfg = Debug|Any CPU
		{CBCEAACF-C65A-4B5E-A310-765A21BC2968}.Debug|Any CPU.Build.0 = Debug|Any CPU
		{CBCEAACF-C65A-4B5E-A310-765A21BC2968}.Release|Any CPU.ActiveCfg = Release|Any CPU
		{CBCEAACF-C65A-4B5E-A310-765A21BC2968}.Release|Any CPU.Build.0 = Release|Any CPU
	EndGlobalSection
	GlobalSection(SolutionProperties) = preSolution
		HideSolutionNode = FALSE
	EndGlobalSection
	GlobalSection(ExtensibilityGlobals) = postSolution
		SolutionGuid = {EB7CBCE3-C48F-4583-B62E-ECB17BCB08D8}
	EndGlobalSection
EndGlobal
